
Microsoft Visual Studio Solution File, Format Version 12.00
# Visual Studio Version 17
VisualStudioVersion = 17.8.34511.84
MinimumVisualStudioVersion = 10.0.40219.1
Project("{2150E333-8FDC-42A3-9474-1A3956D46DE8}") = "Core", "Core", "{9451C15B-8944-4A08-9E2B-CDDB897F91E2}"
EndProject
Project("{9A19103F-16F7-4668-BE54-9A1E7A4F7556}") = "Domain", "Core\Domain\Domain.csproj", "{4C857E93-50DF-4094-A6D3-65D82527D6ED}"
EndProject
Project("{2150E333-8FDC-42A3-9474-1A3956D46DE8}") = "Infrastructure", "Infrastructure", "{390E8AB1-B13A-4A39-89B7-44AFB29F7D65}"
EndProject
Project("{9A19103F-16F7-4668-BE54-9A1E7A4F7556}") = "Persistence", "Infrastructure\Persistence\Persistence.csproj", "{B9D2BA7E-BC7F-4354-B487-2F477164BDE9}"
EndProject
Project("{2150E333-8FDC-42A3-9474-1A3956D46DE8}") = "Presentation", "Presentation", "{B4AB4E87-F6A9-43CA-832A-662BDE5D7C9E}"
EndProject
Project("{9A19103F-16F7-4668-BE54-9A1E7A4F7556}") = "Web.Api", "Presentation\Web.Api\Web.Api.csproj", "{A486C043-33B2-444D-B4B4-7795B28725F6}"
EndProject
Project("{9A19103F-16F7-4668-BE54-9A1E7A4F7556}") = "Application", "Core\Application\Application.csproj", "{DDFCACD6-6270-40F5-B576-91DA87CCEDF9}"
EndProject
Project("{2150E333-8FDC-42A3-9474-1A3956D46DE8}") = "Frontends", "Frontends", "{2C03BE50-298C-49AA-B39D-CB4949BEC938}"
EndProject
Project("{9A19103F-16F7-4668-BE54-9A1E7A4F7556}") = "WebUI", "Frontends\WebUI\WebUI.csproj", "{D32026F5-2AD7-4283-B526-91A801C0C49F}"
EndProject
Project("{FAE04EC0-301F-11D3-BF4B-00C04F79EFBC}") = "Dto", "Frontends\Dto\Dto.csproj", "{C8C3D030-57B0-4DD4-B50E-3676B340FB4C}"
EndProject
Global
	GlobalSection(SolutionConfigurationPlatforms) = preSolution
		Debug|Any CPU = Debug|Any CPU
		Release|Any CPU = Release|Any CPU
	EndGlobalSection
	GlobalSection(ProjectConfigurationPlatforms) = postSolution
		{4C857E93-50DF-4094-A6D3-65D82527D6ED}.Debug|Any CPU.ActiveCfg = Debug|Any CPU
		{4C857E93-50DF-4094-A6D3-65D82527D6ED}.Debug|Any CPU.Build.0 = Debug|Any CPU
		{4C857E93-50DF-4094-A6D3-65D82527D6ED}.Release|Any CPU.ActiveCfg = Release|Any CPU
		{4C857E93-50DF-4094-A6D3-65D82527D6ED}.Release|Any CPU.Build.0 = Release|Any CPU
		{B9D2BA7E-BC7F-4354-B487-2F477164BDE9}.Debug|Any CPU.ActiveCfg = Debug|Any CPU
		{B9D2BA7E-BC7F-4354-B487-2F477164BDE9}.Debug|Any CPU.Build.0 = Debug|Any CPU
		{B9D2BA7E-BC7F-4354-B487-2F477164BDE9}.Release|Any CPU.ActiveCfg = Release|Any CPU
		{B9D2BA7E-BC7F-4354-B487-2F477164BDE9}.Release|Any CPU.Build.0 = Release|Any CPU
		{A486C043-33B2-444D-B4B4-7795B28725F6}.Debug|Any CPU.ActiveCfg = Debug|Any CPU
		{A486C043-33B2-444D-B4B4-7795B28725F6}.Debug|Any CPU.Build.0 = Debug|Any CPU
		{A486C043-33B2-444D-B4B4-7795B28725F6}.Release|Any CPU.ActiveCfg = Release|Any CPU
		{A486C043-33B2-444D-B4B4-7795B28725F6}.Release|Any CPU.Build.0 = Release|Any CPU
		{DDFCACD6-6270-40F5-B576-91DA87CCEDF9}.Debug|Any CPU.ActiveCfg = Debug|Any CPU
		{DDFCACD6-6270-40F5-B576-91DA87CCEDF9}.Debug|Any CPU.Build.0 = Debug|Any CPU
		{DDFCACD6-6270-40F5-B576-91DA87CCEDF9}.Release|Any CPU.ActiveCfg = Release|Any CPU
		{DDFCACD6-6270-40F5-B576-91DA87CCEDF9}.Release|Any CPU.Build.0 = Release|Any CPU
		{D32026F5-2AD7-4283-B526-91A801C0C49F}.Debug|Any CPU.ActiveCfg = Debug|Any CPU
		{D32026F5-2AD7-4283-B526-91A801C0C49F}.Debug|Any CPU.Build.0 = Debug|Any CPU
		{D32026F5-2AD7-4283-B526-91A801C0C49F}.Release|Any CPU.ActiveCfg = Release|Any CPU
		{D32026F5-2AD7-4283-B526-91A801C0C49F}.Release|Any CPU.Build.0 = Release|Any CPU
		{C8C3D030-57B0-4DD4-B50E-3676B340FB4C}.Debug|Any CPU.ActiveCfg = Debug|Any CPU
		{C8C3D030-57B0-4DD4-B50E-3676B340FB4C}.Debug|Any CPU.Build.0 = Debug|Any CPU
		{C8C3D030-57B0-4DD4-B50E-3676B340FB4C}.Release|Any CPU.ActiveCfg = Release|Any CPU
		{C8C3D030-57B0-4DD4-B50E-3676B340FB4C}.Release|Any CPU.Build.0 = Release|Any CPU
	EndGlobalSection
	GlobalSection(SolutionProperties) = preSolution
		HideSolutionNode = FALSE
	EndGlobalSection
	GlobalSection(NestedProjects) = preSolution
		{4C857E93-50DF-4094-A6D3-65D82527D6ED} = {9451C15B-8944-4A08-9E2B-CDDB897F91E2}
		{B9D2BA7E-BC7F-4354-B487-2F477164BDE9} = {390E8AB1-B13A-4A39-89B7-44AFB29F7D65}
		{A486C043-33B2-444D-B4B4-7795B28725F6} = {B4AB4E87-F6A9-43CA-832A-662BDE5D7C9E}
		{DDFCACD6-6270-40F5-B576-91DA87CCEDF9} = {9451C15B-8944-4A08-9E2B-CDDB897F91E2}
		{D32026F5-2AD7-4283-B526-91A801C0C49F} = {2C03BE50-298C-49AA-B39D-CB4949BEC938}
		{C8C3D030-57B0-4DD4-B50E-3676B340FB4C} = {2C03BE50-298C-49AA-B39D-CB4949BEC938}
	EndGlobalSection
	GlobalSection(ExtensibilityGlobals) = postSolution
		SolutionGuid = {B49CC6C2-13F1-45B8-87E0-801E6C232DE1}
	EndGlobalSection
EndGlobal
